
Microsoft Visual Studio Solution File, Format Version 12.00
# Visual Studio Version 17
VisualStudioVersion = 17.14.36518.9 d17.14
MinimumVisualStudioVersion = 10.0.40219.1
Project("{FAE04EC0-301F-11D3-BF4B-00C04F79EFBC}") = "SignalRChat", "SignalRChat.csproj", "{9C466720-9140-438D-AC35-47F7A5091E37}"
EndProject
Global
	GlobalSection(SolutionConfigurationPlatforms) = preSolution
		Debug|Any CPU = Debug|Any CPU
		Release|Any CPU = Release|Any CPU
	EndGlobalSection
	GlobalSection(ProjectConfigurationPlatforms) = postSolution
		{9C466720-9140-438D-AC35-47F7A5091E37}.Debug|Any CPU.ActiveCfg = Debug|Any CPU
		{9C466720-9140-438D-AC35-47F7A5091E37}.Debug|Any CPU.Build.0 = Debug|Any CPU
		{9C466720-9140-438D-AC35-47F7A5091E37}.Release|Any CPU.ActiveCfg = Release|Any CPU
		{9C466720-9140-438D-AC35-47F7A5091E37}.Release|Any CPU.Build.0 = Release|Any CPU
	EndGlobalSection
	GlobalSection(SolutionProperties) = preSolution
		HideSolutionNode = FALSE
	EndGlobalSection
	GlobalSection(ExtensibilityGlobals) = postSolution
		SolutionGuid = {C6078F11-B0B5-4260-B266-79DCB5F4D1C4}
	EndGlobalSection
EndGlobal
